<?xml version="1.0" encoding="utf-8"?>
<Project ToolsVersion="4.0" xmlns="http://schemas.microsoft.com/developer/msbuild/2003">
  <ItemGroup>
    <Filter Include="Source Files">
      <UniqueIdentifier>{4FC737F1-C7A5-4376-A066-2A32D752A2FF}</UniqueIdentifier>
      <Extensions>cpp;c;cc;cxx;def;odl;idl;hpj;bat;asm;asmx</Extensions>
    </Filter>
    <Filter Include="Header Files">
      <UniqueIdentifier>{93995380-89BD-4b04-88EB-625FBE52EBFB}</UniqueIdentifier>
      <Extensions>h;hh;hpp;hxx;hm;inl;inc;ipp;xsd</Extensions>
    </Filter>
    <Filter Include="Resource Files">
      <UniqueIdentifier>{67DA6AB6-F800-4c08-8B7A-83BB121AAD01}</UniqueIdentifier>
      <Extensions>rc;ico;cur;bmp;dlg;rc2;rct;bin;rgs;gif;jpg;jpeg;jpe;resx;tiff;tif;png;wav;mfcribbon-ms</Extensions>
    </Filter>
    <Filter Include="Util">
      <UniqueIdentifier>{8be08861-24de-4873-9f95-69a35673b96f}</UniqueIdentifier>
    </Filter>
  </ItemGroup>
  <ItemGroup>
    <ClCompile Include="..\unittest\MvrUnittest.cpp">
      <Filter>Source Files</Filter>
    </ClCompile>
    <ClCompile Include="..\unittest\Unittest.cpp">
      <Filter>Source Files</Filter>
    </ClCompile>
    <ClCompile Include="..\unittest\main.cpp">
      <Filter>Source Files</Filter>
    </ClCompile>
    <ClCompile Include="..\unittest\GdtfUnittest.cpp">
      <Filter>Source Files</Filter>
    </ClCompile>
    <ClCompile Include="..\unittest\GdtfDmxUnittest.cpp">
      <Filter>Source Files</Filter>
    </ClCompile>
    <ClCompile Include="..\unittest\GdtfXmlError.cpp">
      <Filter>Source Files</Filter>
    </ClCompile>
    <ClCompile Include="..\unittest\GdtfFunctionModeMaster.cpp">
      <Filter>Source Files</Filter>
    </ClCompile>
    <ClCompile Include="..\unittest\GdtfUnittestHandler.cpp">
      <Filter>Source Files</Filter>
    </ClCompile>
    <ClCompile Include="..\unittest\Utility.cpp">
      <Filter>Util</Filter>
    </ClCompile>
    <ClCompile Include="..\unittest\EmptyGeometryUnitTest.cpp">
      <Filter>Source Files</Filter>
    </ClCompile>
    <ClCompile Include="..\unittest\CustomColorSpaceTest.cpp">
      <Filter>Source Files</Filter>
    </ClCompile>
    <ClCompile Include="..\unittest\EmptyAttributeTest.cpp">
      <Filter>Source Files</Filter>
    </ClCompile>
    <ClCompile Include="..\unittest\EmptyAttributeTest2.cpp">
      <Filter>Source Files</Filter>
    </ClCompile>
    <ClCompile Include="..\unittest\EmptyAttributeTest3.cpp">
      <Filter>Source Files</Filter>
    </ClCompile>
    <ClCompile Include="..\unittest\EmptyAttributeTest4.cpp">
      <Filter>Source Files</Filter>
    </ClCompile>
    <ClCompile Include="..\unittest\XmlConversionTest.cpp">
      <Filter>Source Files</Filter>
    </ClCompile>
    <ClCompile Include="..\unittest\CustomCharTest.cpp">
      <Filter>Source Files</Filter>
    </ClCompile>
    <ClCompile Include="..\unittest\UtilityTest.cpp">
      <Filter>Source Files</Filter>
    </ClCompile>
    <ClCompile Include="..\unittest\GdtfLineNumberParseErrorTest.cpp">
      <Filter>Source Files</Filter>
    </ClCompile>
    <ClCompile Include="..\unittest\GetCountOfChannels.cpp">
      <Filter>Source Files</Filter>
    </ClCompile>
    <ClCompile Include="..\unittest\MacroTest.cpp">
      <Filter>Source Files</Filter>
    </ClCompile>
    <ClCompile Include="..\unittest\DmxValueBug.cpp">
      <Filter>Source Files</Filter>
    </ClCompile>
    <ClCompile Include="..\unittest\DmxChannelSetBug.cpp">
      <Filter>Source Files</Filter>
    </ClCompile>
    <ClCompile Include="..\unittest\GdtfBufferTest.cpp">
      <Filter>Source Files</Filter>
    </ClCompile>
    <ClCompile Include="..\unittest\DmxChannelSetFormating.cpp">
      <Filter>Source Files</Filter>
    </ClCompile>
    <ClCompile Include="..\unittest\ChannelFunctionStartTest.cpp">
      <Filter>Source Files</Filter>
    </ClCompile>
    <ClCompile Include="..\unittest\CrashFileOpen.cpp">
      <Filter>Source Files</Filter>
    </ClCompile>
  </ItemGroup>
  <ItemGroup>
    <ClInclude Include="..\unittest\MvrUnittest.h">
      <Filter>Header Files</Filter>
    </ClInclude>
    <ClInclude Include="..\unittest\Unittest.h">
      <Filter>Header Files</Filter>
    </ClInclude>
    <ClInclude Include="..\unittest\main.h">
      <Filter>Header Files</Filter>
    </ClInclude>
    <ClInclude Include="..\unittest\GdtfUnittest.h">
      <Filter>Header Files</Filter>
    </ClInclude>
    <ClInclude Include="..\unittest\GdtfDmxUnittest.h">
      <Filter>Header Files</Filter>
    </ClInclude>
    <ClInclude Include="..\unittest\GdtfXmlError.h">
      <Filter>Header Files</Filter>
    </ClInclude>
    <ClInclude Include="..\unittest\Utility.h">
      <Filter>Util</Filter>
    </ClInclude>
    <ClInclude Include="..\unittest\CustomCharTest.h">
      <Filter>Header Files</Filter>
    </ClInclude>
    <ClInclude Include="..\unittest\CustomColorSpaceTest.h">
      <Filter>Header Files</Filter>
    </ClInclude>
    <ClInclude Include="..\unittest\EmptyAttributeTest.h">
      <Filter>Header Files</Filter>
    </ClInclude>
    <ClInclude Include="..\unittest\EmptyAttributeTest2.h">
      <Filter>Header Files</Filter>
    </ClInclude>
    <ClInclude Include="..\unittest\EmptyAttributeTest3.h">
      <Filter>Header Files</Filter>
    </ClInclude>
    <ClInclude Include="..\unittest\EmptyAttributeTest4.h">
      <Filter>Header Files</Filter>
    </ClInclude>
    <ClInclude Include="..\unittest\EmptyGeometryUnitTest.h">
      <Filter>Header Files</Filter>
    </ClInclude>
    <ClInclude Include="..\unittest\GdtfFunctionModeMaster.h">
      <Filter>Header Files</Filter>
    </ClInclude>
    <ClInclude Include="..\unittest\GdtfUnittestHandler.h">
      <Filter>Header Files</Filter>
    </ClInclude>
    <ClInclude Include="..\unittest\XmlConversionTest.h">
      <Filter>Header Files</Filter>
    </ClInclude>
    <ClInclude Include="..\unittest\UtilityTest.h">
      <Filter>Source Files</Filter>
    </ClInclude>
    <ClInclude Include="..\unittest\GdtfLineNumberParseErrorTest.h">
      <Filter>Header Files</Filter>
    </ClInclude>
    <ClInclude Include="..\unittest\GetCountOfChannels.h">
      <Filter>Header Files</Filter>
    </ClInclude>
    <ClInclude Include="..\unittest\MacroTest.h">
      <Filter>Header Files</Filter>
    </ClInclude>
    <ClInclude Include="..\unittest\DmxValueBug.h">
      <Filter>Source Files</Filter>
    </ClInclude>
    <ClInclude Include="..\unittest\DmxChannelSetBug.h">
      <Filter>Source Files</Filter>
    </ClInclude>
    <ClInclude Include="..\unittest\GdtfBufferTest.h">
      <Filter>Source Files</Filter>
    </ClInclude>
    <ClInclude Include="..\unittest\DmxChannelSetFormating.h">
      <Filter>Source Files</Filter>
    </ClInclude>
    <ClInclude Include="..\unittest\ChannelFunctionStartTest.h">
      <Filter>Source Files</Filter>
    </ClInclude>
    <ClInclude Include="..\unittest\CrashFileOpen.h">
      <Filter>Source Files</Filter>
    </ClInclude>
  </ItemGroup>
</Project>